
Microsoft Visual Studio Solution File, Format Version 12.00
# Visual Studio Version 17
VisualStudioVersion = 17.10.35122.118
MinimumVisualStudioVersion = 10.0.40219.1
Project("{FAE04EC0-301F-11D3-BF4B-00C04F79EFBC}") = "HelloWorld", "BeginnerProjects\HelloWorld\HelloWorld.csproj", "{93925E94-9C89-4B74-A55D-E8375D35BF0F}"
EndProject
Global
	GlobalSection(SolutionConfigurationPlatforms) = preSolution
		Debug|Any CPU = Debug|Any CPU
		Release|Any CPU = Release|Any CPU
	EndGlobalSection
	GlobalSection(ProjectConfigurationPlatforms) = postSolution
		{93925E94-9C89-4B74-A55D-E8375D35BF0F}.Debug|Any CPU.ActiveCfg = Debug|Any CPU
		{93925E94-9C89-4B74-A55D-E8375D35BF0F}.Debug|Any CPU.Build.0 = Debug|Any CPU
		{93925E94-9C89-4B74-A55D-E8375D35BF0F}.Release|Any CPU.ActiveCfg = Release|Any CPU
		{93925E94-9C89-4B74-A55D-E8375D35BF0F}.Release|Any CPU.Build.0 = Release|Any CPU
	EndGlobalSection
	GlobalSection(SolutionProperties) = preSolution
		HideSolutionNode = FALSE
	EndGlobalSection
	GlobalSection(ExtensibilityGlobals) = postSolution
		SolutionGuid = {6F723587-8ABC-49C6-BD99-04A79B2420F8}
	EndGlobalSection
EndGlobal
